
Microsoft Visual Studio Solution File, Format Version 12.00
# Visual Studio Version 17
VisualStudioVersion = 17.10.35027.167
MinimumVisualStudioVersion = 10.0.40219.1
Project("{FAE04EC0-301F-11D3-BF4B-00C04F79EFBC}") = "SW", "SW.csproj", "{53B3A929-DA91-4264-9880-F4853111F889}"
EndProject
Project("{FAE04EC0-301F-11D3-BF4B-00C04F79EFBC}") = "GrievanceStatusUpdater", "..\GrievanceStatusUpdater\GrievanceStatusUpdater.csproj", "{85159A9D-AB27-4824-9E70-38648325E37C}"
EndProject
Global
	GlobalSection(SolutionConfigurationPlatforms) = preSolution
		Debug|Any CPU = Debug|Any CPU
		Release|Any CPU = Release|Any CPU
	EndGlobalSection
	GlobalSection(ProjectConfigurationPlatforms) = postSolution
		{53B3A929-DA91-4264-9880-F4853111F889}.Debug|Any CPU.ActiveCfg = Debug|Any CPU
		{53B3A929-DA91-4264-9880-F4853111F889}.Debug|Any CPU.Build.0 = Debug|Any CPU
		{53B3A929-DA91-4264-9880-F4853111F889}.Release|Any CPU.ActiveCfg = Release|Any CPU
		{53B3A929-DA91-4264-9880-F4853111F889}.Release|Any CPU.Build.0 = Release|Any CPU
		{85159A9D-AB27-4824-9E70-38648325E37C}.Debug|Any CPU.ActiveCfg = Debug|Any CPU
		{85159A9D-AB27-4824-9E70-38648325E37C}.Debug|Any CPU.Build.0 = Debug|Any CPU
		{85159A9D-AB27-4824-9E70-38648325E37C}.Release|Any CPU.ActiveCfg = Release|Any CPU
		{85159A9D-AB27-4824-9E70-38648325E37C}.Release|Any CPU.Build.0 = Release|Any CPU
	EndGlobalSection
	GlobalSection(SolutionProperties) = preSolution
		HideSolutionNode = FALSE
	EndGlobalSection
	GlobalSection(ExtensibilityGlobals) = postSolution
		SolutionGuid = {00947C67-C866-4C60-8005-146A8D4F4DF5}
	EndGlobalSection
EndGlobal
